
Microsoft Visual Studio Solution File, Format Version 12.00
# Visual Studio Version 16
VisualStudioVersion = 16.0.31702.278
MinimumVisualStudioVersion = 10.0.40219.1
Project("{FAE04EC0-301F-11D3-BF4B-00C04F79EFBC}") = "Ex15", "Ex15.csproj", "{DAFF004C-7A5D-4209-8D0B-CA329F3E0AF8}"
EndProject
Global
	GlobalSection(SolutionConfigurationPlatforms) = preSolution
		Debug|Any CPU = Debug|Any CPU
		Release|Any CPU = Release|Any CPU
	EndGlobalSection
	GlobalSection(ProjectConfigurationPlatforms) = postSolution
		{DAFF004C-7A5D-4209-8D0B-CA329F3E0AF8}.Debug|Any CPU.ActiveCfg = Debug|Any CPU
		{DAFF004C-7A5D-4209-8D0B-CA329F3E0AF8}.Debug|Any CPU.Build.0 = Debug|Any CPU
		{DAFF004C-7A5D-4209-8D0B-CA329F3E0AF8}.Release|Any CPU.ActiveCfg = Release|Any CPU
		{DAFF004C-7A5D-4209-8D0B-CA329F3E0AF8}.Release|Any CPU.Build.0 = Release|Any CPU
	EndGlobalSection
	GlobalSection(SolutionProperties) = preSolution
		HideSolutionNode = FALSE
	EndGlobalSection
	GlobalSection(ExtensibilityGlobals) = postSolution
		SolutionGuid = {D66FCF11-8464-4740-81E1-24DDA76A0CBC}
	EndGlobalSection
EndGlobal
